<?xml version="1.0" encoding="utf-8"?>
<Project ToolsVersion="4.0" xmlns="http://schemas.microsoft.com/developer/msbuild/2003">
  <ItemGroup>
    <Filter Include="header">
      <UniqueIdentifier>{d8d24aac-3825-439f-aef7-9078c7bc7fbe}</UniqueIdentifier>
    </Filter>
    <Filter Include="src">
      <UniqueIdentifier>{fb6afb58-e946-4f4b-9de3-3592a8426390}</UniqueIdentifier>
    </Filter>
  </ItemGroup>
  <ItemGroup>
    <ClInclude Include="BBox.h">
      <Filter>header</Filter>
    </ClInclude>
    <ClInclude Include="Camera.h">
      <Filter>header</Filter>
    </ClInclude>
    <ClInclude Include="Common.h">
      <Filter>header</Filter>
    </ClInclude>
    <ClInclude Include="Data.h">
      <Filter>header</Filter>
    </ClInclude>
    <ClInclude Include="Geometry.h">
      <Filter>header</Filter>
    </ClInclude>
    <ClInclude Include="Grid3D.h">
      <Filter>header</Filter>
    </ClInclude>
    <ClInclude Include="KDTree.h">
      <Filter>header</Filter>
    </ClInclude>
    <ClInclude Include="Light.h">
      <Filter>header</Filter>
    </ClInclude>
    <ClInclude Include="Line.h">
      <Filter>header</Filter>
    </ClInclude>
    <ClInclude Include="Mesh.h">
      <Filter>header</Filter>
    </ClInclude>
    <ClInclude Include="Register.h">
      <Filter>header</Filter>
    </ClInclude>
    <ClInclude Include="Utils.h">
      <Filter>header</Filter>
    </ClInclude>
    <ClInclude Include="DualMesh.h">
      <Filter>header</Filter>
    </ClInclude>
  </ItemGroup>
  <ItemGroup>
    <ClCompile Include="BBox.cpp">
      <Filter>src</Filter>
    </ClCompile>
    <ClCompile Include="Boundary.cpp">
      <Filter>src</Filter>
    </ClCompile>
    <ClCompile Include="BVH.cpp">
      <Filter>src</Filter>
    </ClCompile>
    <ClCompile Include="Camera.cpp">
      <Filter>src</Filter>
    </ClCompile>
    <ClCompile Include="Cluster.cpp">
      <Filter>src</Filter>
    </ClCompile>
    <ClCompile Include="Common.cpp">
      <Filter>src</Filter>
    </ClCompile>
    <ClCompile Include="Crease.cpp">
      <Filter>src</Filter>
    </ClCompile>
    <ClCompile Include="Data.cpp">
      <Filter>src</Filter>
    </ClCompile>
    <ClCompile Include="DualMesh.cpp">
      <Filter>src</Filter>
    </ClCompile>
    <ClCompile Include="Geometry.cpp">
      <Filter>src</Filter>
    </ClCompile>
    <ClCompile Include="GetData.cpp">
      <Filter>src</Filter>
    </ClCompile>
    <ClCompile Include="Grid3D.cpp">
      <Filter>src</Filter>
    </ClCompile>
    <ClCompile Include="Hairs.cpp">
      <Filter>src</Filter>
    </ClCompile>
    <ClCompile Include="Intersection.cpp">
      <Filter>src</Filter>
    </ClCompile>
    <ClCompile Include="KDTree.cpp">
      <Filter>src</Filter>
    </ClCompile>
    <ClCompile Include="Light.cpp">
      <Filter>src</Filter>
    </ClCompile>
    <ClCompile Include="Lighter.cpp">
      <Filter>src</Filter>
    </ClCompile>
    <ClCompile Include="Line.cpp">
      <Filter>src</Filter>
    </ClCompile>
    <ClCompile Include="LineGet.cpp">
      <Filter>src</Filter>
    </ClCompile>
    <ClCompile Include="LineMerge.cpp">
      <Filter>src</Filter>
    </ClCompile>
    <ClCompile Include="LineModify.cpp">
      <Filter>src</Filter>
    </ClCompile>
    <ClCompile Include="LineSet.cpp">
      <Filter>src</Filter>
    </ClCompile>
    <ClCompile Include="Mesh.cpp">
      <Filter>src</Filter>
    </ClCompile>
    <ClCompile Include="Mesher.cpp">
      <Filter>src</Filter>
    </ClCompile>
    <ClCompile Include="Points.cpp">
      <Filter>src</Filter>
    </ClCompile>
    <ClCompile Include="Register.cpp">
      <Filter>src</Filter>
    </ClCompile>
    <ClCompile Include="Silhouette.cpp">
      <Filter>src</Filter>
    </ClCompile>
    <ClCompile Include="Strands.cpp">
      <Filter>src</Filter>
    </ClCompile>
    <ClCompile Include="Utils.cpp">
      <Filter>src</Filter>
    </ClCompile>
    <ClCompile Include="Curve.cpp">
      <Filter>src</Filter>
    </ClCompile>
  </ItemGroup>
</Project>