
Microsoft Visual Studio Solution File, Format Version 10.00
# Visual Studio 2008
Project("{8BC9CEB8-8B4A-11D0-8D11-00A0C91BC942}") = "Toonix", "Toonix.vcproj", "{CB87C14A-6177-4E92-B9A6-B513FBD1A902}"
EndProject
Project("{8BC9CEB8-8B4A-11D0-8D11-00A0C91BC942}") = "bCurveFlow", "..\bCurveFlow\bCurveFlow.vcproj", "{38E3212A-A328-4C37-BF8A-E748D81548F9}"
EndProject
Global
	GlobalSection(SolutionConfigurationPlatforms) = preSolution
		Debug x64|Win32 = Debug x64|Win32
		Debug x64|x64 = Debug x64|x64
		Debug|Win32 = Debug|Win32
		Debug|x64 = Debug|x64
		Release x64|Win32 = Release x64|Win32
		Release x64|x64 = Release x64|x64
		Release|Win32 = Release|Win32
		Release|x64 = Release|x64
	EndGlobalSection
	GlobalSection(ProjectConfigurationPlatforms) = postSolution
		{CB87C14A-6177-4E92-B9A6-B513FBD1A902}.Debug x64|Win32.ActiveCfg = Debug|x64
		{CB87C14A-6177-4E92-B9A6-B513FBD1A902}.Debug x64|x64.ActiveCfg = Debug|x64
		{CB87C14A-6177-4E92-B9A6-B513FBD1A902}.Debug x64|x64.Build.0 = Debug|x64
		{CB87C14A-6177-4E92-B9A6-B513FBD1A902}.Debug|Win32.ActiveCfg = Debug|Win32
		{CB87C14A-6177-4E92-B9A6-B513FBD1A902}.Debug|Win32.Build.0 = Debug|Win32
		{CB87C14A-6177-4E92-B9A6-B513FBD1A902}.Debug|x64.ActiveCfg = Debug|x64
		{CB87C14A-6177-4E92-B9A6-B513FBD1A902}.Debug|x64.Build.0 = Debug|x64
		{CB87C14A-6177-4E92-B9A6-B513FBD1A902}.Release x64|Win32.ActiveCfg = Release|x64
		{CB87C14A-6177-4E92-B9A6-B513FBD1A902}.Release x64|x64.ActiveCfg = Release|x64
		{CB87C14A-6177-4E92-B9A6-B513FBD1A902}.Release x64|x64.Build.0 = Release|x64
		{CB87C14A-6177-4E92-B9A6-B513FBD1A902}.Release|Win32.ActiveCfg = Release|Win32
		{CB87C14A-6177-4E92-B9A6-B513FBD1A902}.Release|Win32.Build.0 = Release|Win32
		{CB87C14A-6177-4E92-B9A6-B513FBD1A902}.Release|x64.ActiveCfg = Release|x64
		{CB87C14A-6177-4E92-B9A6-B513FBD1A902}.Release|x64.Build.0 = Release|x64
		{38E3212A-A328-4C37-BF8A-E748D81548F9}.Debug x64|Win32.ActiveCfg = Debug|x64
		{38E3212A-A328-4C37-BF8A-E748D81548F9}.Debug x64|x64.ActiveCfg = Debug|x64
		{38E3212A-A328-4C37-BF8A-E748D81548F9}.Debug x64|x64.Build.0 = Debug|x64
		{38E3212A-A328-4C37-BF8A-E748D81548F9}.Debug|Win32.ActiveCfg = Debug|Win32
		{38E3212A-A328-4C37-BF8A-E748D81548F9}.Debug|Win32.Build.0 = Debug|Win32
		{38E3212A-A328-4C37-BF8A-E748D81548F9}.Debug|x64.ActiveCfg = Debug|x64
		{38E3212A-A328-4C37-BF8A-E748D81548F9}.Debug|x64.Build.0 = Debug|x64
		{38E3212A-A328-4C37-BF8A-E748D81548F9}.Release x64|Win32.ActiveCfg = Release|x64
		{38E3212A-A328-4C37-BF8A-E748D81548F9}.Release x64|x64.ActiveCfg = Release|x64
		{38E3212A-A328-4C37-BF8A-E748D81548F9}.Release x64|x64.Build.0 = Release|x64
		{38E3212A-A328-4C37-BF8A-E748D81548F9}.Release|Win32.ActiveCfg = Release|Win32
		{38E3212A-A328-4C37-BF8A-E748D81548F9}.Release|Win32.Build.0 = Release|Win32
		{38E3212A-A328-4C37-BF8A-E748D81548F9}.Release|x64.ActiveCfg = Release|x64
		{38E3212A-A328-4C37-BF8A-E748D81548F9}.Release|x64.Build.0 = Release|x64
	EndGlobalSection
	GlobalSection(SolutionProperties) = preSolution
		HideSolutionNode = FALSE
	EndGlobalSection
EndGlobal
